
Microsoft Visual Studio Solution File, Format Version 12.00
# Visual Studio 15
VisualStudioVersion = 15.0.26730.16
MinimumVisualStudioVersion = 10.0.40219.1
Project("{FAE04EC0-301F-11D3-BF4B-00C04F79EFBC}") = "Newbe.CQP.Plugins.FirstPlugin", "Newbe.CQP.Plugins.FirstPlugin\Newbe.CQP.Plugins.FirstPlugin.csproj", "{A3CE85A3-FBC0-40BF-9A4D-7C0D0DB6B7EE}"
EndProject
Project("{FAE04EC0-301F-11D3-BF4B-00C04F79EFBC}") = "MyEF", "MyEF\MyEF\MyEF.csproj", "{E34D6D2D-E80D-47EE-9828-55D650FB62B9}"
EndProject
Global
	GlobalSection(SolutionConfigurationPlatforms) = preSolution
		Debug|Any CPU = Debug|Any CPU
		Release|Any CPU = Release|Any CPU
	EndGlobalSection
	GlobalSection(ProjectConfigurationPlatforms) = postSolution
		{A3CE85A3-FBC0-40BF-9A4D-7C0D0DB6B7EE}.Debug|Any CPU.ActiveCfg = Debug|Any CPU
		{A3CE85A3-FBC0-40BF-9A4D-7C0D0DB6B7EE}.Debug|Any CPU.Build.0 = Debug|Any CPU
		{A3CE85A3-FBC0-40BF-9A4D-7C0D0DB6B7EE}.Release|Any CPU.ActiveCfg = Release|Any CPU
		{A3CE85A3-FBC0-40BF-9A4D-7C0D0DB6B7EE}.Release|Any CPU.Build.0 = Release|Any CPU
		{E34D6D2D-E80D-47EE-9828-55D650FB62B9}.Debug|Any CPU.ActiveCfg = Debug|Any CPU
		{E34D6D2D-E80D-47EE-9828-55D650FB62B9}.Debug|Any CPU.Build.0 = Debug|Any CPU
		{E34D6D2D-E80D-47EE-9828-55D650FB62B9}.Release|Any CPU.ActiveCfg = Release|Any CPU
		{E34D6D2D-E80D-47EE-9828-55D650FB62B9}.Release|Any CPU.Build.0 = Release|Any CPU
	EndGlobalSection
	GlobalSection(SolutionProperties) = preSolution
		HideSolutionNode = FALSE
	EndGlobalSection
	GlobalSection(ExtensibilityGlobals) = postSolution
		SolutionGuid = {F905305F-8EC0-45D0-8090-E45B7E119AFC}
	EndGlobalSection
EndGlobal
