
Microsoft Visual Studio Solution File, Format Version 12.00
# Visual Studio 15
VisualStudioVersion = 15.0.26730.16
MinimumVisualStudioVersion = 10.0.40219.1
Project("{FAE04EC0-301F-11D3-BF4B-00C04F79EFBC}") = "MyEF", "MyEF\MyEF.csproj", "{E34D6D2D-E80D-47EE-9828-55D650FB62B9}"
EndProject
Global
	GlobalSection(SolutionConfigurationPlatforms) = preSolution
		Debug|Any CPU = Debug|Any CPU
		Release|Any CPU = Release|Any CPU
	EndGlobalSection
	GlobalSection(ProjectConfigurationPlatforms) = postSolution
		{E34D6D2D-E80D-47EE-9828-55D650FB62B9}.Debug|Any CPU.ActiveCfg = Debug|Any CPU
		{E34D6D2D-E80D-47EE-9828-55D650FB62B9}.Debug|Any CPU.Build.0 = Debug|Any CPU
		{E34D6D2D-E80D-47EE-9828-55D650FB62B9}.Release|Any CPU.ActiveCfg = Release|Any CPU
		{E34D6D2D-E80D-47EE-9828-55D650FB62B9}.Release|Any CPU.Build.0 = Release|Any CPU
	EndGlobalSection
	GlobalSection(SolutionProperties) = preSolution
		HideSolutionNode = FALSE
	EndGlobalSection
	GlobalSection(ExtensibilityGlobals) = postSolution
		SolutionGuid = {A1333883-3CEC-455B-8575-5CCE81F73446}
	EndGlobalSection
EndGlobal
